
Microsoft Visual Studio Solution File, Format Version 12.00
# Visual Studio Version 17
VisualStudioVersion = 17.0.31903.59
MinimumVisualStudioVersion = 10.0.40219.1
Project("{2150E333-8FDC-42A3-9474-1A3956D46DE8}") = "src", "src", "{827E0CD3-B72D-47B6-A68D-7590B98EB39B}"
EndProject
Project("{FAE04EC0-301F-11D3-BF4B-00C04F79EFBC}") = "Xunit.v3.IntegrationTesting", "src\Xunit.v3.IntegrationTesting\Xunit.v3.IntegrationTesting.csproj", "{28E70734-48E2-41AA-92BA-F3DFA5AB2B3D}"
EndProject
Project("{FAE04EC0-301F-11D3-BF4B-00C04F79EFBC}") = "Xunit.v3.IntegrationTesting.Manual", "src\Xunit.v3.IntegrationTesting.Manual\Xunit.v3.IntegrationTesting.Manual.csproj", "{184068A4-47D0-4D36-BDFB-E8B7C45C1B59}"
EndProject
Project("{2150E333-8FDC-42A3-9474-1A3956D46DE8}") = "Package", "Package", "{1B4E6BDC-63FC-8FD5-F010-8F75E945DB5F}"
EndProject
Project("{FAE04EC0-301F-11D3-BF4B-00C04F79EFBC}") = "Xunit.v3.IntegrationTesting.Package", "src\Package\Xunit.v3.IntegrationTesting.Package.csproj", "{16C3F31E-96FF-420C-B203-3EFAEF239887}"
EndProject
Project("{FAE04EC0-301F-11D3-BF4B-00C04F79EFBC}") = "Xunit.v3.IntegrationTesting.Analyzers", "src\Xunit.v3.IntegrationTesting.Analyzers\Xunit.v3.IntegrationTesting.Analyzers.csproj", "{F649C630-9B55-437F-B3C6-B406A40F4D0A}"
EndProject
Project("{FAE04EC0-301F-11D3-BF4B-00C04F79EFBC}") = "Xunit.v3.IntegrationTesting.Analyzers.Tests", "src\Xunit.v3.IntegrationTesting.Analyzers.Tests\Xunit.v3.IntegrationTesting.Analyzers.Tests.csproj", "{6BB12208-BECE-4672-943B-119EEBC8F09B}"
EndProject
Global
	GlobalSection(SolutionConfigurationPlatforms) = preSolution
		Debug|Any CPU = Debug|Any CPU
		Debug|x64 = Debug|x64
		Debug|x86 = Debug|x86
		Release|Any CPU = Release|Any CPU
		Release|x64 = Release|x64
		Release|x86 = Release|x86
	EndGlobalSection
	GlobalSection(ProjectConfigurationPlatforms) = postSolution
		{28E70734-48E2-41AA-92BA-F3DFA5AB2B3D}.Debug|Any CPU.ActiveCfg = Debug|Any CPU
		{28E70734-48E2-41AA-92BA-F3DFA5AB2B3D}.Debug|Any CPU.Build.0 = Debug|Any CPU
		{28E70734-48E2-41AA-92BA-F3DFA5AB2B3D}.Debug|x64.ActiveCfg = Debug|Any CPU
		{28E70734-48E2-41AA-92BA-F3DFA5AB2B3D}.Debug|x64.Build.0 = Debug|Any CPU
		{28E70734-48E2-41AA-92BA-F3DFA5AB2B3D}.Debug|x86.ActiveCfg = Debug|Any CPU
		{28E70734-48E2-41AA-92BA-F3DFA5AB2B3D}.Debug|x86.Build.0 = Debug|Any CPU
		{28E70734-48E2-41AA-92BA-F3DFA5AB2B3D}.Release|Any CPU.ActiveCfg = Release|Any CPU
		{28E70734-48E2-41AA-92BA-F3DFA5AB2B3D}.Release|Any CPU.Build.0 = Release|Any CPU
		{28E70734-48E2-41AA-92BA-F3DFA5AB2B3D}.Release|x64.ActiveCfg = Release|Any CPU
		{28E70734-48E2-41AA-92BA-F3DFA5AB2B3D}.Release|x64.Build.0 = Release|Any CPU
		{28E70734-48E2-41AA-92BA-F3DFA5AB2B3D}.Release|x86.ActiveCfg = Release|Any CPU
		{28E70734-48E2-41AA-92BA-F3DFA5AB2B3D}.Release|x86.Build.0 = Release|Any CPU
		{184068A4-47D0-4D36-BDFB-E8B7C45C1B59}.Debug|Any CPU.ActiveCfg = Debug|Any CPU
		{184068A4-47D0-4D36-BDFB-E8B7C45C1B59}.Debug|Any CPU.Build.0 = Debug|Any CPU
		{184068A4-47D0-4D36-BDFB-E8B7C45C1B59}.Debug|x64.ActiveCfg = Debug|Any CPU
		{184068A4-47D0-4D36-BDFB-E8B7C45C1B59}.Debug|x64.Build.0 = Debug|Any CPU
		{184068A4-47D0-4D36-BDFB-E8B7C45C1B59}.Debug|x86.ActiveCfg = Debug|Any CPU
		{184068A4-47D0-4D36-BDFB-E8B7C45C1B59}.Debug|x86.Build.0 = Debug|Any CPU
		{184068A4-47D0-4D36-BDFB-E8B7C45C1B59}.Release|Any CPU.ActiveCfg = Release|Any CPU
		{184068A4-47D0-4D36-BDFB-E8B7C45C1B59}.Release|Any CPU.Build.0 = Release|Any CPU
		{184068A4-47D0-4D36-BDFB-E8B7C45C1B59}.Release|x64.ActiveCfg = Release|Any CPU
		{184068A4-47D0-4D36-BDFB-E8B7C45C1B59}.Release|x64.Build.0 = Release|Any CPU
		{184068A4-47D0-4D36-BDFB-E8B7C45C1B59}.Release|x86.ActiveCfg = Release|Any CPU
		{184068A4-47D0-4D36-BDFB-E8B7C45C1B59}.Release|x86.Build.0 = Release|Any CPU
		{16C3F31E-96FF-420C-B203-3EFAEF239887}.Debug|Any CPU.ActiveCfg = Debug|Any CPU
		{16C3F31E-96FF-420C-B203-3EFAEF239887}.Debug|Any CPU.Build.0 = Debug|Any CPU
		{16C3F31E-96FF-420C-B203-3EFAEF239887}.Debug|x64.ActiveCfg = Debug|Any CPU
		{16C3F31E-96FF-420C-B203-3EFAEF239887}.Debug|x64.Build.0 = Debug|Any CPU
		{16C3F31E-96FF-420C-B203-3EFAEF239887}.Debug|x86.ActiveCfg = Debug|Any CPU
		{16C3F31E-96FF-420C-B203-3EFAEF239887}.Debug|x86.Build.0 = Debug|Any CPU
		{16C3F31E-96FF-420C-B203-3EFAEF239887}.Release|Any CPU.ActiveCfg = Release|Any CPU
		{16C3F31E-96FF-420C-B203-3EFAEF239887}.Release|Any CPU.Build.0 = Release|Any CPU
		{16C3F31E-96FF-420C-B203-3EFAEF239887}.Release|x64.ActiveCfg = Release|Any CPU
		{16C3F31E-96FF-420C-B203-3EFAEF239887}.Release|x64.Build.0 = Release|Any CPU
		{16C3F31E-96FF-420C-B203-3EFAEF239887}.Release|x86.ActiveCfg = Release|Any CPU
		{16C3F31E-96FF-420C-B203-3EFAEF239887}.Release|x86.Build.0 = Release|Any CPU
		{F649C630-9B55-437F-B3C6-B406A40F4D0A}.Debug|Any CPU.ActiveCfg = Debug|Any CPU
		{F649C630-9B55-437F-B3C6-B406A40F4D0A}.Debug|Any CPU.Build.0 = Debug|Any CPU
		{F649C630-9B55-437F-B3C6-B406A40F4D0A}.Debug|x64.ActiveCfg = Debug|Any CPU
		{F649C630-9B55-437F-B3C6-B406A40F4D0A}.Debug|x64.Build.0 = Debug|Any CPU
		{F649C630-9B55-437F-B3C6-B406A40F4D0A}.Debug|x86.ActiveCfg = Debug|Any CPU
		{F649C630-9B55-437F-B3C6-B406A40F4D0A}.Debug|x86.Build.0 = Debug|Any CPU
		{F649C630-9B55-437F-B3C6-B406A40F4D0A}.Release|Any CPU.ActiveCfg = Release|Any CPU
		{F649C630-9B55-437F-B3C6-B406A40F4D0A}.Release|Any CPU.Build.0 = Release|Any CPU
		{F649C630-9B55-437F-B3C6-B406A40F4D0A}.Release|x64.ActiveCfg = Release|Any CPU
		{F649C630-9B55-437F-B3C6-B406A40F4D0A}.Release|x64.Build.0 = Release|Any CPU
		{F649C630-9B55-437F-B3C6-B406A40F4D0A}.Release|x86.ActiveCfg = Release|Any CPU
		{F649C630-9B55-437F-B3C6-B406A40F4D0A}.Release|x86.Build.0 = Release|Any CPU
		{6BB12208-BECE-4672-943B-119EEBC8F09B}.Debug|Any CPU.ActiveCfg = Debug|Any CPU
		{6BB12208-BECE-4672-943B-119EEBC8F09B}.Debug|Any CPU.Build.0 = Debug|Any CPU
		{6BB12208-BECE-4672-943B-119EEBC8F09B}.Debug|x64.ActiveCfg = Debug|Any CPU
		{6BB12208-BECE-4672-943B-119EEBC8F09B}.Debug|x64.Build.0 = Debug|Any CPU
		{6BB12208-BECE-4672-943B-119EEBC8F09B}.Debug|x86.ActiveCfg = Debug|Any CPU
		{6BB12208-BECE-4672-943B-119EEBC8F09B}.Debug|x86.Build.0 = Debug|Any CPU
		{6BB12208-BECE-4672-943B-119EEBC8F09B}.Release|Any CPU.ActiveCfg = Release|Any CPU
		{6BB12208-BECE-4672-943B-119EEBC8F09B}.Release|Any CPU.Build.0 = Release|Any CPU
		{6BB12208-BECE-4672-943B-119EEBC8F09B}.Release|x64.ActiveCfg = Release|Any CPU
		{6BB12208-BECE-4672-943B-119EEBC8F09B}.Release|x64.Build.0 = Release|Any CPU
		{6BB12208-BECE-4672-943B-119EEBC8F09B}.Release|x86.ActiveCfg = Release|Any CPU
		{6BB12208-BECE-4672-943B-119EEBC8F09B}.Release|x86.Build.0 = Release|Any CPU
	EndGlobalSection
	GlobalSection(SolutionProperties) = preSolution
		HideSolutionNode = FALSE
	EndGlobalSection
	GlobalSection(NestedProjects) = preSolution
		{28E70734-48E2-41AA-92BA-F3DFA5AB2B3D} = {827E0CD3-B72D-47B6-A68D-7590B98EB39B}
		{184068A4-47D0-4D36-BDFB-E8B7C45C1B59} = {827E0CD3-B72D-47B6-A68D-7590B98EB39B}
		{1B4E6BDC-63FC-8FD5-F010-8F75E945DB5F} = {827E0CD3-B72D-47B6-A68D-7590B98EB39B}
		{16C3F31E-96FF-420C-B203-3EFAEF239887} = {1B4E6BDC-63FC-8FD5-F010-8F75E945DB5F}
		{F649C630-9B55-437F-B3C6-B406A40F4D0A} = {827E0CD3-B72D-47B6-A68D-7590B98EB39B}
		{6BB12208-BECE-4672-943B-119EEBC8F09B} = {827E0CD3-B72D-47B6-A68D-7590B98EB39B}
	EndGlobalSection
EndGlobal
